
Microsoft Visual Studio Solution File, Format Version 12.00
# Visual Studio Version 17
VisualStudioVersion = 17.0.31903.59
MinimumVisualStudioVersion = 10.0.40219.1
Project("{2150E333-8FDC-42A3-9474-1A3956D46DE8}") = "Core", "Core", "{5BB8FEF1-A96E-4F6F-8240-46AABC4C98DF}"
EndProject
Project("{2150E333-8FDC-42A3-9474-1A3956D46DE8}") = "Infrastructure", "Infrastructure", "{9CDE98C9-D90B-4AD0-81A7-81C0EA8EE386}"
EndProject
Project("{2150E333-8FDC-42A3-9474-1A3956D46DE8}") = "Presentation", "Presentation", "{59E65A17-22BF-4B1A-A559-A5F564C0CDA0}"
EndProject
Project("{FAE04EC0-301F-11D3-BF4B-00C04F79EFBC}") = "DomovoiBackend.Domain", "DomovoiBackend.Domain\DomovoiBackend.Domain.csproj", "{C0288CF6-757C-40F0-A61E-6C3C1B3C51FC}"
EndProject
Project("{FAE04EC0-301F-11D3-BF4B-00C04F79EFBC}") = "DomovoiBackend.Persistence", "DomovoiBackend.Persistence\DomovoiBackend.Persistence.csproj", "{17047425-D660-4C9D-86F8-C351F56877F1}"
EndProject
Project("{FAE04EC0-301F-11D3-BF4B-00C04F79EFBC}") = "DomovoiBackend.Application", "DomovoiBackend.Application\DomovoiBackend.Application.csproj", "{3CE8A468-CFAD-4D03-B19C-E5BE4B43FB75}"
EndProject
Project("{FAE04EC0-301F-11D3-BF4B-00C04F79EFBC}") = "DomovoiBackend.API", "DomovoiBackend.API\DomovoiBackend.API.csproj", "{9C2C6546-16E1-40FF-ABB0-941A562F7D9A}"
EndProject
Project("{2150E333-8FDC-42A3-9474-1A3956D46DE8}") = "Solution Items", "Solution Items", "{366FF836-6B67-4916-AABA-7CB4162F8227}"
	ProjectSection(SolutionItems) = preProject
		docker-compose.yml = docker-compose.yml
		README.md = README.md
	EndProjectSection
EndProject
Global
	GlobalSection(SolutionConfigurationPlatforms) = preSolution
		Debug|Any CPU = Debug|Any CPU
		Release|Any CPU = Release|Any CPU
	EndGlobalSection
	GlobalSection(SolutionProperties) = preSolution
		HideSolutionNode = FALSE
	EndGlobalSection
	GlobalSection(NestedProjects) = preSolution
		{C0288CF6-757C-40F0-A61E-6C3C1B3C51FC} = {5BB8FEF1-A96E-4F6F-8240-46AABC4C98DF}
		{17047425-D660-4C9D-86F8-C351F56877F1} = {9CDE98C9-D90B-4AD0-81A7-81C0EA8EE386}
		{3CE8A468-CFAD-4D03-B19C-E5BE4B43FB75} = {5BB8FEF1-A96E-4F6F-8240-46AABC4C98DF}
		{9C2C6546-16E1-40FF-ABB0-941A562F7D9A} = {59E65A17-22BF-4B1A-A559-A5F564C0CDA0}
	EndGlobalSection
	GlobalSection(ProjectConfigurationPlatforms) = postSolution
		{C0288CF6-757C-40F0-A61E-6C3C1B3C51FC}.Debug|Any CPU.ActiveCfg = Debug|Any CPU
		{C0288CF6-757C-40F0-A61E-6C3C1B3C51FC}.Debug|Any CPU.Build.0 = Debug|Any CPU
		{C0288CF6-757C-40F0-A61E-6C3C1B3C51FC}.Release|Any CPU.ActiveCfg = Release|Any CPU
		{C0288CF6-757C-40F0-A61E-6C3C1B3C51FC}.Release|Any CPU.Build.0 = Release|Any CPU
		{17047425-D660-4C9D-86F8-C351F56877F1}.Debug|Any CPU.ActiveCfg = Debug|Any CPU
		{17047425-D660-4C9D-86F8-C351F56877F1}.Debug|Any CPU.Build.0 = Debug|Any CPU
		{17047425-D660-4C9D-86F8-C351F56877F1}.Release|Any CPU.ActiveCfg = Release|Any CPU
		{17047425-D660-4C9D-86F8-C351F56877F1}.Release|Any CPU.Build.0 = Release|Any CPU
		{3CE8A468-CFAD-4D03-B19C-E5BE4B43FB75}.Debug|Any CPU.ActiveCfg = Debug|Any CPU
		{3CE8A468-CFAD-4D03-B19C-E5BE4B43FB75}.Debug|Any CPU.Build.0 = Debug|Any CPU
		{3CE8A468-CFAD-4D03-B19C-E5BE4B43FB75}.Release|Any CPU.ActiveCfg = Release|Any CPU
		{3CE8A468-CFAD-4D03-B19C-E5BE4B43FB75}.Release|Any CPU.Build.0 = Release|Any CPU
		{9C2C6546-16E1-40FF-ABB0-941A562F7D9A}.Debug|Any CPU.ActiveCfg = Debug|Any CPU
		{9C2C6546-16E1-40FF-ABB0-941A562F7D9A}.Debug|Any CPU.Build.0 = Debug|Any CPU
		{9C2C6546-16E1-40FF-ABB0-941A562F7D9A}.Release|Any CPU.ActiveCfg = Release|Any CPU
		{9C2C6546-16E1-40FF-ABB0-941A562F7D9A}.Release|Any CPU.Build.0 = Release|Any CPU
	EndGlobalSection
EndGlobal
